
Microsoft Visual Studio Solution File, Format Version 12.00
# Visual Studio Version 16
VisualStudioVersion = 16.0.31205.134
MinimumVisualStudioVersion = 10.0.40219.1
Project("{FAE04EC0-301F-11D3-BF4B-00C04F79EFBC}") = "ProdutoStoreApp", "ProdutoStoreApp.csproj", "{1E3CB8E5-49E6-4667-8921-5599FAB06C01}"
EndProject
Global
	GlobalSection(SolutionConfigurationPlatforms) = preSolution
		Debug|Any CPU = Debug|Any CPU
		Release|Any CPU = Release|Any CPU
	EndGlobalSection
	GlobalSection(ProjectConfigurationPlatforms) = postSolution
		{1E3CB8E5-49E6-4667-8921-5599FAB06C01}.Debug|Any CPU.ActiveCfg = Debug|Any CPU
		{1E3CB8E5-49E6-4667-8921-5599FAB06C01}.Debug|Any CPU.Build.0 = Debug|Any CPU
		{1E3CB8E5-49E6-4667-8921-5599FAB06C01}.Release|Any CPU.ActiveCfg = Release|Any CPU
		{1E3CB8E5-49E6-4667-8921-5599FAB06C01}.Release|Any CPU.Build.0 = Release|Any CPU
	EndGlobalSection
	GlobalSection(SolutionProperties) = preSolution
		HideSolutionNode = FALSE
	EndGlobalSection
	GlobalSection(ExtensibilityGlobals) = postSolution
		SolutionGuid = {A3C225E4-12C2-4ADB-A77C-8D2729A5544D}
	EndGlobalSection
EndGlobal
